
Microsoft Visual Studio Solution File, Format Version 12.00
# Visual Studio Version 17
VisualStudioVersion = 17.5.33627.172
MinimumVisualStudioVersion = 10.0.40219.1
Project("{FAE04EC0-301F-11D3-BF4B-00C04F79EFBC}") = "AwesomeHotel_HotelAPI", "AwesomeHotel_HotelAPI\AwesomeHotel_HotelAPI.csproj", "{AC66B9CA-F584-43C6-949C-0E930DA4603D}"
EndProject
Global
	GlobalSection(SolutionConfigurationPlatforms) = preSolution
		Debug|Any CPU = Debug|Any CPU
		Release|Any CPU = Release|Any CPU
	EndGlobalSection
	GlobalSection(ProjectConfigurationPlatforms) = postSolution
		{AC66B9CA-F584-43C6-949C-0E930DA4603D}.Debug|Any CPU.ActiveCfg = Debug|Any CPU
		{AC66B9CA-F584-43C6-949C-0E930DA4603D}.Debug|Any CPU.Build.0 = Debug|Any CPU
		{AC66B9CA-F584-43C6-949C-0E930DA4603D}.Release|Any CPU.ActiveCfg = Release|Any CPU
		{AC66B9CA-F584-43C6-949C-0E930DA4603D}.Release|Any CPU.Build.0 = Release|Any CPU
	EndGlobalSection
	GlobalSection(SolutionProperties) = preSolution
		HideSolutionNode = FALSE
	EndGlobalSection
	GlobalSection(ExtensibilityGlobals) = postSolution
		SolutionGuid = {AB6D72C6-EA89-4F50-B43E-FAB31DB1DB0D}
	EndGlobalSection
EndGlobal
